
Microsoft Visual Studio Solution File, Format Version 12.00
# Visual Studio Version 17
VisualStudioVersion = 17.10.35013.160
MinimumVisualStudioVersion = 10.0.40219.1
Project("{FAE04EC0-301F-11D3-BF4B-00C04F79EFBC}") = "Topic 7 assignment 2 - x and y", "Topic 7 assignment 2 - x and y\Topic 7 assignment 2 - x and y.csproj", "{785E5210-5CBA-4AE3-B795-F838697DFEC7}"
EndProject
Global
	GlobalSection(SolutionConfigurationPlatforms) = preSolution
		Debug|Any CPU = Debug|Any CPU
		Release|Any CPU = Release|Any CPU
	EndGlobalSection
	GlobalSection(ProjectConfigurationPlatforms) = postSolution
		{785E5210-5CBA-4AE3-B795-F838697DFEC7}.Debug|Any CPU.ActiveCfg = Debug|Any CPU
		{785E5210-5CBA-4AE3-B795-F838697DFEC7}.Debug|Any CPU.Build.0 = Debug|Any CPU
		{785E5210-5CBA-4AE3-B795-F838697DFEC7}.Release|Any CPU.ActiveCfg = Release|Any CPU
		{785E5210-5CBA-4AE3-B795-F838697DFEC7}.Release|Any CPU.Build.0 = Release|Any CPU
	EndGlobalSection
	GlobalSection(SolutionProperties) = preSolution
		HideSolutionNode = FALSE
	EndGlobalSection
	GlobalSection(ExtensibilityGlobals) = postSolution
		SolutionGuid = {5238E5F5-9978-41E9-9B92-7AFD912CA17D}
	EndGlobalSection
EndGlobal
